
Microsoft Visual Studio Solution File, Format Version 12.00
# Visual Studio Version 17
VisualStudioVersion = 17.7.34009.444
MinimumVisualStudioVersion = 10.0.40219.1
Project("{FAE04EC0-301F-11D3-BF4B-00C04F79EFBC}") = "MaxTransApi", "MaxTransApi\MaxTransApi.csproj", "{2A2C3DB9-447F-4F22-993A-2F4BED69511B}"
EndProject
Project("{00D1A9C2-B5F0-4AF3-8072-F6C62B433612}") = "MaxTransDB", "MaxTransDB\MaxTransDB.sqlproj", "{21029A71-FAFC-4331-BD23-571D80AF3884}"
EndProject
Global
	GlobalSection(SolutionConfigurationPlatforms) = preSolution
		Debug|Any CPU = Debug|Any CPU
		Release|Any CPU = Release|Any CPU
	EndGlobalSection
	GlobalSection(ProjectConfigurationPlatforms) = postSolution
		{2A2C3DB9-447F-4F22-993A-2F4BED69511B}.Debug|Any CPU.ActiveCfg = Debug|Any CPU
		{2A2C3DB9-447F-4F22-993A-2F4BED69511B}.Debug|Any CPU.Build.0 = Debug|Any CPU
		{2A2C3DB9-447F-4F22-993A-2F4BED69511B}.Release|Any CPU.ActiveCfg = Release|Any CPU
		{2A2C3DB9-447F-4F22-993A-2F4BED69511B}.Release|Any CPU.Build.0 = Release|Any CPU
		{21029A71-FAFC-4331-BD23-571D80AF3884}.Debug|Any CPU.ActiveCfg = Debug|Any CPU
		{21029A71-FAFC-4331-BD23-571D80AF3884}.Debug|Any CPU.Build.0 = Debug|Any CPU
		{21029A71-FAFC-4331-BD23-571D80AF3884}.Debug|Any CPU.Deploy.0 = Debug|Any CPU
		{21029A71-FAFC-4331-BD23-571D80AF3884}.Release|Any CPU.ActiveCfg = Release|Any CPU
		{21029A71-FAFC-4331-BD23-571D80AF3884}.Release|Any CPU.Build.0 = Release|Any CPU
		{21029A71-FAFC-4331-BD23-571D80AF3884}.Release|Any CPU.Deploy.0 = Release|Any CPU
	EndGlobalSection
	GlobalSection(SolutionProperties) = preSolution
		HideSolutionNode = FALSE
	EndGlobalSection
	GlobalSection(ExtensibilityGlobals) = postSolution
		SolutionGuid = {2DB028C6-BEC9-4705-9A4D-210694257344}
	EndGlobalSection
EndGlobal
